// !$*UTF8*$!
{
	archiveVersion = 1;
	classes = {
	};
	objectVersion = 77;
	objects = {

/* Begin PBXContainerItemProxy section */
		0BA685BA2E0164CB00AC3538 /* PBXContainerItemProxy */ = {
			isa = PBXContainerItemProxy;
			containerPortal = 0BA6859B2E0164CA00AC3538 /* Project object */;
			proxyType = 1;
			remoteGlobalIDString = 0BA685A22E0164CA00AC3538;
			remoteInfo = prtest;
		};
		0BA685C42E0164CB00AC3538 /* PBXContainerItemProxy */ = {
			isa = PBXContainerItemProxy;
			containerPortal = 0BA6859B2E0164CA00AC3538 /* Project object */;
			proxyType = 1;
			remoteGlobalIDString = 0BA685A22E0164CA00AC3538;
			remoteInfo = prtest;
		};
/* End PBXContainerItemProxy section */

/* Begin PBXFileReference section */
		0BA685A32E0164CA00AC3538 /* prtest.app */ = {isa = PBXFileReference; explicitFileType = wrapper.application; includeInIndex = 0; path = prtest.app; sourceTree = BUILT_PRODUCTS_DIR; };
		0BA685B92E0164CB00AC3538 /* prtestTests.xctest */ = {isa = PBXFileReference; explicitFileType = wrapper.cfbundle; includeInIndex = 0; path = prtestTests.xctest; sourceTree = BUILT_PRODUCTS_DIR; };
		0BA685C32E0164CB00AC3538 /* prtestUITests.xctest */ = {isa = PBXFileReference; explicitFileType = wrapper.cfbundle; includeInIndex = 0; path = prtestUITests.xctest; sourceTree = BUILT_PRODUCTS_DIR; };
/* End PBXFileReference section */

/* Begin PBXFileSystemSynchronizedBuildFileExceptionSet section */
		0BA685CB2E0164CB00AC3538 /* Exceptions for "prtest" folder in "prtest" target */ = {
			isa = PBXFileSystemSynchronizedBuildFileExceptionSet;
			membershipExceptions = (
				Info.plist,
			);
			target = 0BA685A22E0164CA00AC3538 /* prtest */;
		};
/* End PBXFileSystemSynchronizedBuildFileExceptionSet section */

/* Begin PBXFileSystemSynchronizedRootGroup section */
		0BA685A52E0164CA00AC3538 /* prtest */ = {
			isa = PBXFileSystemSynchronizedRootGroup;
			exceptions = (
				0BA685CB2E0164CB00AC3538 /* Exceptions for "prtest" folder in "prtest" target */,
			);
			path = prtest;
			sourceTree = "<group>";
		};
		0BA685BC2E0164CB00AC3538 /* prtestTests */ = {
			isa = PBXFileSystemSynchronizedRootGroup;
			path = prtestTests;
			sourceTree = "<group>";
		};
		0BA685C62E0164CB00AC3538 /* prtestUITests */ = {
			isa = PBXFileSystemSynchronizedRootGroup;
			path = prtestUITests;
			sourceTree = "<group>";
		};
/* End PBXFileSystemSynchronizedRootGroup section */

/* Begin PBXFrameworksBuildPhase section */
		0BA685A02E0164CA00AC3538 /* Frameworks */ = {
			isa = PBXFrameworksBuildPhase;
			buildActionMask = 2147483647;
			files = (
			);
			runOnlyForDeploymentPostprocessing = 0;
		};
		0BA685B62E0164CB00AC3538 /* Frameworks */ = {
			isa = PBXFrameworksBuildPhase;
			buildActionMask = 2147483647;
			files = (
			);
			runOnlyForDeploymentPostprocessing = 0;
		};
		0BA685C02E0164CB00AC3538 /* Frameworks */ = {
			isa = PBXFrameworksBuildPhase;
			buildActionMask = 2147483647;
			files = (
			);
			runOnlyForDeploymentPostprocessing = 0;
		};
/* End PBXFrameworksBuildPhase section */

/* Begin PBXGroup section */
		0BA6859A2E0164CA00AC3538 = {
			isa = PBXGroup;
			children = (
				0BA685A52E0164CA00AC3538 /* prtest */,
				0BA685BC2E0164CB00AC3538 /* prtestTests */,
				0BA685C62E0164CB00AC3538 /* prtestUITests */,
				0BA685A42E0164CA00AC3538 /* Products */,
			);
			sourceTree = "<group>";
		};
		0BA685A42E0164CA00AC3538 /* Products */ = {
			isa = PBXGroup;
			children = (
				0BA685A32E0164CA00AC3538 /* prtest.app */,
				0BA685B92E0164CB00AC3538 /* prtestTests.xctest */,
				0BA685C32E0164CB00AC3538 /* prtestUITests.xctest */,
			);
			name = Products;
			sourceTree = "<group>";
		};
/* End PBXGroup section */

/* Begin PBXNativeTarget section */
		0BA685A22E0164CA00AC3538 /* prtest */ = {
			isa = PBXNativeTarget;
			buildConfigurationList = 0BA685CC2E0164CB00AC3538 /* Build configuration list for PBXNativeTarget "prtest" */;
			buildPhases = (
				0BA6859F2E0164CA00AC3538 /* Sources */,
				0BA685A02E0164CA00AC3538 /* Frameworks */,
				0BA685A12E0164CA00AC3538 /* Resources */,
			);
			buildRules = (
			);
			dependencies = (
			);
			fileSystemSynchronizedGroups = (
				0BA685A52E0164CA00AC3538 /* prtest */,
			);
			name = prtest;
			packageProductDependencies = (
			);
			productName = prtest;
			productReference = 0BA685A32E0164CA00AC3538 /* prtest.app */;
			productType = "com.apple.product-type.application";
		};
		0BA685B82E0164CB00AC3538 /* prtestTests */ = {
			isa = PBXNativeTarget;
			buildConfigurationList = 0BA685D12E0164CB00AC3538 /* Build configuration list for PBXNativeTarget "prtestTests" */;
			buildPhases = (
				0BA685B52E0164CB00AC3538 /* Sources */,
				0BA685B62E0164CB00AC3538 /* Frameworks */,
				0BA685B72E0164CB00AC3538 /* Resources */,
			);
			buildRules = (
			);
			dependencies = (
				0BA685BB2E0164CB00AC3538 /* PBXTargetDependency */,
			);
			fileSystemSynchronizedGroups = (
				0BA685BC2E0164CB00AC3538 /* prtestTests */,
			);
			name = prtestTests;
			packageProductDependencies = (
			);
			productName = prtestTests;
			productReference = 0BA685B92E0164CB00AC3538 /* prtestTests.xctest */;
			productType = "com.apple.product-type.bundle.unit-test";
		};
		0BA685C22E0164CB00AC3538 /* prtestUITests */ = {
			isa = PBXNativeTarget;
			buildConfigurationList = 0BA685D42E0164CB00AC3538 /* Build configuration list for PBXNativeTarget "prtestUITests" */;
			buildPhases = (
				0BA685BF2E0164CB00AC3538 /* Sources */,
				0BA685C02E0164CB00AC3538 /* Frameworks */,
				0BA685C12E0164CB00AC3538 /* Resources */,
			);
			buildRules = (
			);
			dependencies = (
				0BA685C52E0164CB00AC3538 /* PBXTargetDependency */,
			);
			fileSystemSynchronizedGroups = (
				0BA685C62E0164CB00AC3538 /* prtestUITests */,
			);
			name = prtestUITests;
			packageProductDependencies = (
			);
			productName = prtestUITests;
			productReference = 0BA685C32E0164CB00AC3538 /* prtestUITests.xctest */;
			productType = "com.apple.product-type.bundle.ui-testing";
		};
/* End PBXNativeTarget section */

/* Begin PBXProject section */
		0BA6859B2E0164CA00AC3538 /* Project object */ = {
			isa = PBXProject;
			attributes = {
				BuildIndependentTargetsInParallel = 1;
				LastSwiftUpdateCheck = 1630;
				LastUpgradeCheck = 1630;
				TargetAttributes = {
					0BA685A22E0164CA00AC3538 = {
						CreatedOnToolsVersion = 16.3;
					};
					0BA685B82E0164CB00AC3538 = {
						CreatedOnToolsVersion = 16.3;
						TestTargetID = 0BA685A22E0164CA00AC3538;
					};
					0BA685C22E0164CB00AC3538 = {
						CreatedOnToolsVersion = 16.3;
						TestTargetID = 0BA685A22E0164CA00AC3538;
					};
				};
			};
			buildConfigurationList = 0BA6859E2E0164CA00AC3538 /* Build configuration list for PBXProject "prtest" */;
			developmentRegion = en;
			hasScannedForEncodings = 0;
			knownRegions = (
				en,
				Base,
			);
			mainGroup = 0BA6859A2E0164CA00AC3538;
			minimizedProjectReferenceProxies = 1;
			preferredProjectObjectVersion = 77;
			productRefGroup = 0BA685A42E0164CA00AC3538 /* Products */;
			projectDirPath = "";
			projectRoot = "";
			targets = (
				0BA685A22E0164CA00AC3538 /* prtest */,
				0BA685B82E0164CB00AC3538 /* prtestTests */,
				0BA685C22E0164CB00AC3538 /* prtestUITests */,
			);
		};
/* End PBXProject section */

/* Begin PBXResourcesBuildPhase section */
		0BA685A12E0164CA00AC3538 /* Resources */ = {
			isa = PBXResourcesBuildPhase;
			buildActionMask = 2147483647;
			files = (
			);
			runOnlyForDeploymentPostprocessing = 0;
		};
		0BA685B72E0164CB00AC3538 /* Resources */ = {
			isa = PBXResourcesBuildPhase;
			buildActionMask = 2147483647;
			files = (
			);
			runOnlyForDeploymentPostprocessing = 0;
		};
		0BA685C12E0164CB00AC3538 /* Resources */ = {
			isa = PBXResourcesBuildPhase;
			buildActionMask = 2147483647;
			files = (
			);
			runOnlyForDeploymentPostprocessing = 0;
		};
/* End PBXResourcesBuildPhase section */

/* Begin PBXSourcesBuildPhase section */
		0BA6859F2E0164CA00AC3538 /* Sources */ = {
			isa = PBXSourcesBuildPhase;
			buildActionMask = 2147483647;
			files = (
			);
			runOnlyForDeploymentPostprocessing = 0;
		};
		0BA685B52E0164CB00AC3538 /* Sources */ = {
			isa = PBXSourcesBuildPhase;
			buildActionMask = 2147483647;
			files = (
			);
			runOnlyForDeploymentPostprocessing = 0;
		};
		0BA685BF2E0164CB00AC3538 /* Sources */ = {
			isa = PBXSourcesBuildPhase;
			buildActionMask = 2147483647;
			files = (
			);
			runOnlyForDeploymentPostprocessing = 0;
		};
/* End PBXSourcesBuildPhase section */

/* Begin PBXTargetDependency section */
		0BA685BB2E0164CB00AC3538 /* PBXTargetDependency */ = {
			isa = PBXTargetDependency;
			target = 0BA685A22E0164CA00AC3538 /* prtest */;
			targetProxy = 0BA685BA2E0164CB00AC3538 /* PBXContainerItemProxy */;
		};
		0BA685C52E0164CB00AC3538 /* PBXTargetDependency */ = {
			isa = PBXTargetDependency;
			target = 0BA685A22E0164CA00AC3538 /* prtest */;
			targetProxy = 0BA685C42E0164CB00AC3538 /* PBXContainerItemProxy */;
		};
/* End PBXTargetDependency section */

/* Begin XCBuildConfiguration section */
		0BA685CD2E0164CB00AC3538 /* Debug */ = {
			isa = XCBuildConfiguration;
			buildSettings = {
				ASSETCATALOG_COMPILER_APPICON_NAME = AppIcon;
				ASSETCATALOG_COMPILER_GLOBAL_ACCENT_COLOR_NAME = AccentColor;
				CODE_SIGN_STYLE = Automatic;
				CURRENT_PROJECT_VERSION = 1;
				GENERATE_INFOPLIST_FILE = YES;
				INFOPLIST_FILE = prtest/Info.plist;
				INFOPLIST_KEY_UIApplicationSupportsIndirectInputEvents = YES;
				INFOPLIST_KEY_UILaunchStoryboardName = LaunchScreen;
				INFOPLIST_KEY_UIMainStoryboardFile = Main;
				INFOPLIST_KEY_UISupportedInterfaceOrientations_iPad = "UIInterfaceOrientationPortrait UIInterfaceOrientationPortraitUpsideDown UIInterfaceOrientationLandscapeLeft UIInterfaceOrientationLandscapeRight";
				INFOPLIST_KEY_UISupportedInterfaceOrientations_iPhone = "UIInterfaceOrientationPortrait UIInterfaceOrientationLandscapeLeft UIInterfaceOrientationLandscapeRight";
				LD_RUNPATH_SEARCH_PATHS = (
					"$(inherited)",
					"@executable_path/Frameworks",
				);
				MARKETING_VERSION = 1.0;
				PRODUCT_BUNDLE_IDENTIFIER = com.navercorp.app.prtest;
				PRODUCT_NAME = "$(TARGET_NAME)";
				SWIFT_EMIT_LOC_STRINGS = YES;
				SWIFT_VERSION = 5.0;
				TARGETED_DEVICE_FAMILY = "1,2";
			};
			name = Debug;
		};
		0BA685CE2E0164CB00AC3538 /* Release */ = {
			isa = XCBuildConfiguration;
			buildSettings = {
				ASSETCATALOG_COMPILER_APPICON_NAME = AppIcon;
				ASSETCATALOG_COMPILER_GLOBAL_ACCENT_COLOR_NAME = AccentColor;
				CODE_SIGN_STYLE = Automatic;
				CURRENT_PROJECT_VERSION = 1;
				GENERATE_INFOPLIST_FILE = YES;
				INFOPLIST_FILE = prtest/Info.plist;
				INFOPLIST_KEY_UIApplicationSupportsIndirectInputEvents = YES;
				INFOPLIST_KEY_UILaunchStoryboardName = LaunchScreen;
				INFOPLIST_KEY_UIMainStoryboardFile = Main;
				INFOPLIST_KEY_UISupportedInterfaceOrientations_iPad = "UIInterfaceOrientationPortrait UIInterfaceOrientationPortraitUpsideDown UIInterfaceOrientationLandscapeLeft UIInterfaceOrientationLandscapeRight";
				INFOPLIST_KEY_UISupportedInterfaceOrientations_iPhone = "UIInterfaceOrientationPortrait UIInterfaceOrientationLandscapeLeft UIInterfaceOrientationLandscapeRight";
				LD_RUNPATH_SEARCH_PATHS = (
					"$(inherited)",
					"@executable_path/Frameworks",
				);
				MARKETING_VERSION = 1.0;
				PRODUCT_BUNDLE_IDENTIFIER = com.navercorp.app.prtest;
				PRODUCT_NAME = "$(TARGET_NAME)";
				SWIFT_EMIT_LOC_STRINGS = YES;
				SWIFT_VERSION = 5.0;
				TARGETED_DEVICE_FAMILY = "1,2";
			};
			name = Release;
		};
		0BA685CF2E0164CB00AC3538 /* Debug */ = {
			isa = XCBuildConfiguration;
			buildSettings = {
				ALWAYS_SEARCH_USER_PATHS = NO;
				ASSETCATALOG_COMPILER_GENERATE_SWIFT_ASSET_SYMBOL_EXTENSIONS = YES;
				CLANG_ANALYZER_NONNULL = YES;
				CLANG_ANALYZER_NUMBER_OBJECT_CONVERSION = YES_AGGRESSIVE;
				CLANG_CXX_LANGUAGE_STANDARD = "gnu++20";
				CLANG_ENABLE_MODULES = YES;
				CLANG_ENABLE_OBJC_ARC = YES;
				CLANG_ENABLE_OBJC_WEAK = YES;
				CLANG_WARN_BLOCK_CAPTURE_AUTORELEASING = YES;
				CLANG_WARN_BOOL_CONVERSION = YES;
				CLANG_WARN_COMMA = YES;
				CLANG_WARN_CONSTANT_CONVERSION = YES;
				CLANG_WARN_DEPRECATED_OBJC_IMPLEMENTATIONS = YES;
				CLANG_WARN_DIRECT_OBJC_ISA_USAGE = YES_ERROR;
				CLANG_WARN_DOCUMENTATION_COMMENTS = YES;
				CLANG_WARN_EMPTY_BODY = YES;
				CLANG_WARN_ENUM_CONVERSION = YES;
				CLANG_WARN_INFINITE_RECURSION = YES;
				CLANG_WARN_INT_CONVERSION = YES;
				CLANG_WARN_NON_LITERAL_NULL_CONVERSION = YES;
				CLANG_WARN_OBJC_IMPLICIT_RETAIN_SELF = YES;
				CLANG_WARN_OBJC_LITERAL_CONVERSION = YES;
				CLANG_WARN_OBJC_ROOT_CLASS = YES_ERROR;
				CLANG_WARN_QUOTED_INCLUDE_IN_FRAMEWORK_HEADER = YES;
				CLANG_WARN_RANGE_LOOP_ANALYSIS = YES;
				CLANG_WARN_STRICT_PROTOTYPES = YES;
				CLANG_WARN_SUSPICIOUS_MOVE = YES;
				CLANG_WARN_UNGUARDED_AVAILABILITY = YES_AGGRESSIVE;
				CLANG_WARN_UNREACHABLE_CODE = YES;
				CLANG_WARN__DUPLICATE_METHOD_MATCH = YES;
				COPY_PHASE_STRIP = NO;
				DEBUG_INFORMATION_FORMAT = dwarf;
				ENABLE_STRICT_OBJC_MSGSEND = YES;
				ENABLE_TESTABILITY = YES;
				ENABLE_USER_SCRIPT_SANDBOXING = YES;
				GCC_C_LANGUAGE_STANDARD = gnu17;
				GCC_DYNAMIC_NO_PIC = NO;
				GCC_NO_COMMON_BLOCKS = YES;
				GCC_OPTIMIZATION_LEVEL = 0;
				GCC_PREPROCESSOR_DEFINITIONS = (
					"DEBUG=1",
					"$(inherited)",
				);
				GCC_WARN_64_TO_32_BIT_CONVERSION = YES;
				GCC_WARN_ABOUT_RETURN_TYPE = YES_ERROR;
				GCC_WARN_UNDECLARED_SELECTOR = YES;
				GCC_WARN_UNINITIALIZED_AUTOS = YES_AGGRESSIVE;
				GCC_WARN_UNUSED_FUNCTION = YES;
				GCC_WARN_UNUSED_VARIABLE = YES;
				IPHONEOS_DEPLOYMENT_TARGET = 18.4;
				LOCALIZATION_PREFERS_STRING_CATALOGS = YES;
				MTL_ENABLE_DEBUG_INFO = INCLUDE_SOURCE;
				MTL_FAST_MATH = YES;
				ONLY_ACTIVE_ARCH = YES;
				SDKROOT = iphoneos;
				SWIFT_ACTIVE_COMPILATION_CONDITIONS = "DEBUG $(inherited)";
				SWIFT_OPTIMIZATION_LEVEL = "-Onone";
			};
			name = Debug;
		};
		0BA685D02E0164CB00AC3538 /* Release */ = {
			isa = XCBuildConfiguration;
			buildSettings = {
				ALWAYS_SEARCH_USER_PATHS = NO;
				ASSETCATALOG_COMPILER_GENERATE_SWIFT_ASSET_SYMBOL_EXTENSIONS = YES;
				CLANG_ANALYZER_NONNULL = YES;
				CLANG_ANALYZER_NUMBER_OBJECT_CONVERSION = YES_AGGRESSIVE;
				CLANG_CXX_LANGUAGE_STANDARD = "gnu++20";
				CLANG_ENABLE_MODULES = YES;
				CLANG_ENABLE_OBJC_ARC = YES;
				CLANG_ENABLE_OBJC_WEAK = YES;
				CLANG_WARN_BLOCK_CAPTURE_AUTORELEASING = YES;
				CLANG_WARN_BOOL_CONVERSION = YES;
				CLANG_WARN_COMMA = YES;
				CLANG_WARN_CONSTANT_CONVERSION = YES;
				CLANG_WARN_DEPRECATED_OBJC_IMPLEMENTATIONS = YES;
				CLANG_WARN_DIRECT_OBJC_ISA_USAGE = YES_ERROR;
				CLANG_WARN_DOCUMENTATION_COMMENTS = YES;
				CLANG_WARN_EMPTY_BODY = YES;
				CLANG_WARN_ENUM_CONVERSION = YES;
				CLANG_WARN_INFINITE_RECURSION = YES;
				CLANG_WARN_INT_CONVERSION = YES;
				CLANG_WARN_NON_LITERAL_NULL_CONVERSION = YES;
				CLANG_WARN_OBJC_IMPLICIT_RETAIN_SELF = YES;
				CLANG_WARN_OBJC_LITERAL_CONVERSION = YES;
				CLANG_WARN_OBJC_ROOT_CLASS = YES_ERROR;
				CLANG_WARN_QUOTED_INCLUDE_IN_FRAMEWORK_HEADER = YES;
				CLANG_WARN_RANGE_LOOP_ANALYSIS = YES;
				CLANG_WARN_STRICT_PROTOTYPES = YES;
				CLANG_WARN_SUSPICIOUS_MOVE = YES;
				CLANG_WARN_UNGUARDED_AVAILABILITY = YES_AGGRESSIVE;
				CLANG_WARN_UNREACHABLE_CODE = YES;
				CLANG_WARN__DUPLICATE_METHOD_MATCH = YES;
				COPY_PHASE_STRIP = NO;
				DEBUG_INFORMATION_FORMAT = "dwarf-with-dsym";
				ENABLE_NS_ASSERTIONS = NO;
				ENABLE_STRICT_OBJC_MSGSEND = YES;
				ENABLE_USER_SCRIPT_SANDBOXING = YES;
				GCC_C_LANGUAGE_STANDARD = gnu17;
				GCC_NO_COMMON_BLOCKS = YES;
				GCC_WARN_64_TO_32_BIT_CONVERSION = YES;
				GCC_WARN_ABOUT_RETURN_TYPE = YES_ERROR;
				GCC_WARN_UNDECLARED_SELECTOR = YES;
				GCC_WARN_UNINITIALIZED_AUTOS = YES_AGGRESSIVE;
				GCC_WARN_UNUSED_FUNCTION = YES;
				GCC_WARN_UNUSED_VARIABLE = YES;
				IPHONEOS_DEPLOYMENT_TARGET = 18.4;
				LOCALIZATION_PREFERS_STRING_CATALOGS = YES;
				MTL_ENABLE_DEBUG_INFO = NO;
				MTL_FAST_MATH = YES;
				SDKROOT = iphoneos;
				SWIFT_COMPILATION_MODE = wholemodule;
				VALIDATE_PRODUCT = YES;
			};
			name = Release;
		};
		0BA685D22E0164CB00AC3538 /* Debug */ = {
			isa = XCBuildConfiguration;
			buildSettings = {
				BUNDLE_LOADER = "$(TEST_HOST)";
				CODE_SIGN_STYLE = Automatic;
				CURRENT_PROJECT_VERSION = 1;
				GENERATE_INFOPLIST_FILE = YES;
				IPHONEOS_DEPLOYMENT_TARGET = 18.4;
				MARKETING_VERSION = 1.0;
				PRODUCT_BUNDLE_IDENTIFIER = com.navercorp.app.prtestTests;
				PRODUCT_NAME = "$(TARGET_NAME)";
				SWIFT_EMIT_LOC_STRINGS = NO;
				SWIFT_VERSION = 5.0;
				TARGETED_DEVICE_FAMILY = "1,2";
				TEST_HOST = "$(BUILT_PRODUCTS_DIR)/prtest.app/$(BUNDLE_EXECUTABLE_FOLDER_PATH)/prtest";
			};
			name = Debug;
		};
		0BA685D32E0164CB00AC3538 /* Release */ = {
			isa = XCBuildConfiguration;
			buildSettings = {
				BUNDLE_LOADER = "$(TEST_HOST)";
				CODE_SIGN_STYLE = Automatic;
				CURRENT_PROJECT_VERSION = 1;
				GENERATE_INFOPLIST_FILE = YES;
				IPHONEOS_DEPLOYMENT_TARGET = 18.4;
				MARKETING_VERSION = 1.0;
				PRODUCT_BUNDLE_IDENTIFIER = com.navercorp.app.prtestTests;
				PRODUCT_NAME = "$(TARGET_NAME)";
				SWIFT_EMIT_LOC_STRINGS = NO;
				SWIFT_VERSION = 5.0;
				TARGETED_DEVICE_FAMILY = "1,2";
				TEST_HOST = "$(BUILT_PRODUCTS_DIR)/prtest.app/$(BUNDLE_EXECUTABLE_FOLDER_PATH)/prtest";
			};
			name = Release;
		};
		0BA685D52E0164CB00AC3538 /* Debug */ = {
			isa = XCBuildConfiguration;
			buildSettings = {
				CODE_SIGN_STYLE = Automatic;
				CURRENT_PROJECT_VERSION = 1;
				GENERATE_INFOPLIST_FILE = YES;
				MARKETING_VERSION = 1.0;
				PRODUCT_BUNDLE_IDENTIFIER = com.navercorp.app.prtestUITests;
				PRODUCT_NAME = "$(TARGET_NAME)";
				SWIFT_EMIT_LOC_STRINGS = NO;
				SWIFT_VERSION = 5.0;
				TARGETED_DEVICE_FAMILY = "1,2";
				TEST_TARGET_NAME = prtest;
			};
			name = Debug;
		};
		0BA685D62E0164CB00AC3538 /* Release */ = {
			isa = XCBuildConfiguration;
			buildSettings = {
				CODE_SIGN_STYLE = Automatic;
				CURRENT_PROJECT_VERSION = 1;
				GENERATE_INFOPLIST_FILE = YES;
				MARKETING_VERSION = 1.0;
				PRODUCT_BUNDLE_IDENTIFIER = com.navercorp.app.prtestUITests;
				PRODUCT_NAME = "$(TARGET_NAME)";
				SWIFT_EMIT_LOC_STRINGS = NO;
				SWIFT_VERSION = 5.0;
				TARGETED_DEVICE_FAMILY = "1,2";
				TEST_TARGET_NAME = prtest;
			};
			name = Release;
		};
/* End XCBuildConfiguration section */

/* Begin XCConfigurationList section */
		0BA6859E2E0164CA00AC3538 /* Build configuration list for PBXProject "prtest" */ = {
			isa = XCConfigurationList;
			buildConfigurations = (
				0BA685CF2E0164CB00AC3538 /* Debug */,
				0BA685D02E0164CB00AC3538 /* Release */,
			);
			defaultConfigurationIsVisible = 0;
			defaultConfigurationName = Release;
		};
		0BA685CC2E0164CB00AC3538 /* Build configuration list for PBXNativeTarget "prtest" */ = {
			isa = XCConfigurationList;
			buildConfigurations = (
				0BA685CD2E0164CB00AC3538 /* Debug */,
				0BA685CE2E0164CB00AC3538 /* Release */,
			);
			defaultConfigurationIsVisible = 0;
			defaultConfigurationName = Release;
		};
		0BA685D12E0164CB00AC3538 /* Build configuration list for PBXNativeTarget "prtestTests" */ = {
			isa = XCConfigurationList;
			buildConfigurations = (
				0BA685D22E0164CB00AC3538 /* Debug */,
				0BA685D32E0164CB00AC3538 /* Release */,
			);
			defaultConfigurationIsVisible = 0;
			defaultConfigurationName = Release;
		};
		0BA685D42E0164CB00AC3538 /* Build configuration list for PBXNativeTarget "prtestUITests" */ = {
			isa = XCConfigurationList;
			buildConfigurations = (
				0BA685D52E0164CB00AC3538 /* Debug */,
				0BA685D62E0164CB00AC3538 /* Release */,
			);
			defaultConfigurationIsVisible = 0;
			defaultConfigurationName = Release;
		};
/* End XCConfigurationList section */
	};
	rootObject = 0BA6859B2E0164CA00AC3538 /* Project object */;
}
